
Microsoft Visual Studio Solution File, Format Version 12.00
# Visual Studio Version 17
VisualStudioVersion = 17.14.36212.18 d17.14
MinimumVisualStudioVersion = 10.0.40219.1
Project("{8BC9CEB8-8B4A-11D0-8D11-00A0C91BC942}") = "12.从导入表中获取函数地址并调用", "12.从导入表中获取函数地址并调用.vcxproj", "{67069241-8EF2-4BE7-81EF-72C91227B594}"
EndProject
Global
	GlobalSection(SolutionConfigurationPlatforms) = preSolution
		Debug|x64 = Debug|x64
		Debug|x86 = Debug|x86
		Release|x64 = Release|x64
		Release|x86 = Release|x86
	EndGlobalSection
	GlobalSection(ProjectConfigurationPlatforms) = postSolution
		{67069241-8EF2-4BE7-81EF-72C91227B594}.Debug|x64.ActiveCfg = Debug|x64
		{67069241-8EF2-4BE7-81EF-72C91227B594}.Debug|x64.Build.0 = Debug|x64
		{67069241-8EF2-4BE7-81EF-72C91227B594}.Debug|x86.ActiveCfg = Debug|Win32
		{67069241-8EF2-4BE7-81EF-72C91227B594}.Debug|x86.Build.0 = Debug|Win32
		{67069241-8EF2-4BE7-81EF-72C91227B594}.Release|x64.ActiveCfg = Release|x64
		{67069241-8EF2-4BE7-81EF-72C91227B594}.Release|x64.Build.0 = Release|x64
		{67069241-8EF2-4BE7-81EF-72C91227B594}.Release|x86.ActiveCfg = Release|Win32
		{67069241-8EF2-4BE7-81EF-72C91227B594}.Release|x86.Build.0 = Release|Win32
	EndGlobalSection
	GlobalSection(SolutionProperties) = preSolution
		HideSolutionNode = FALSE
	EndGlobalSection
	GlobalSection(ExtensibilityGlobals) = postSolution
		SolutionGuid = {598846DD-1009-4070-9FA3-D3A5B736886C}
	EndGlobalSection
EndGlobal
